
Microsoft Visual Studio Solution File, Format Version 12.00
# Visual Studio Version 16
VisualStudioVersion = 16.0.29609.76
MinimumVisualStudioVersion = 10.0.40219.1
Project("{FAE04EC0-301F-11D3-BF4B-00C04F79EFBC}") = "Loja2019", "Loja2019\Loja2019.csproj", "{649B6243-F9C2-419F-AC99-3DEDED1BA153}"
EndProject
Global
	GlobalSection(SolutionConfigurationPlatforms) = preSolution
		Debug|Any CPU = Debug|Any CPU
		Release|Any CPU = Release|Any CPU
	EndGlobalSection
	GlobalSection(ProjectConfigurationPlatforms) = postSolution
		{649B6243-F9C2-419F-AC99-3DEDED1BA153}.Debug|Any CPU.ActiveCfg = Debug|Any CPU
		{649B6243-F9C2-419F-AC99-3DEDED1BA153}.Debug|Any CPU.Build.0 = Debug|Any CPU
		{649B6243-F9C2-419F-AC99-3DEDED1BA153}.Release|Any CPU.ActiveCfg = Release|Any CPU
		{649B6243-F9C2-419F-AC99-3DEDED1BA153}.Release|Any CPU.Build.0 = Release|Any CPU
	EndGlobalSection
	GlobalSection(SolutionProperties) = preSolution
		HideSolutionNode = FALSE
	EndGlobalSection
	GlobalSection(ExtensibilityGlobals) = postSolution
		SolutionGuid = {22480EBB-E996-4C54-B071-676E84C7422F}
	EndGlobalSection
EndGlobal
